<Solution>
  <Folder Name="/..repository-root/">
    <File Path=".editorconfig" />
    <File Path=".gitignore" />
    <File Path="Directory.Build.props" />
    <File Path="Directory.Build.targets" />
    <File Path="Directory.Packages.props" />
    <File Path="LICENSE" />
  </Folder>
  <Folder Name="/.github/">
    <File Path=".github/dependabot.yml" />
    <File Path=".github/CODEOWNERS" />
  </Folder>
  <Folder Name="/lib/">
    <Project Path="lib/FredrikHr.AuranGameScript.LanguageSyntax/FredrikHr.AuranGameScript.LanguageSyntax.csproj" />
  </Folder>
  <Folder Name="/test/">
    <Project Path="test/FredrikHr.AuranGameScript.LanguageSyntax.XUnit/FredrikHr.AuranGameScript.LanguageSyntax.XUnit.csproj" />
  </Folder>
</Solution>
